// !$*UTF8*$!
{
	archiveVersion = 1;
	classes = {
	};
	objectVersion = 56;
	objects = {

/* Begin PBXBuildFile section */
		3043AA722B0CE0C40085477F /* NeoNotesApp.swift in Sources */ = {isa = PBXBuildFile; fileRef = 3043AA712B0CE0C40085477F /* NeoNotesApp.swift */; };
		3043AA742B0CE0C40085477F /* ContentView.swift in Sources */ = {isa = PBXBuildFile; fileRef = 3043AA732B0CE0C40085477F /* ContentView.swift */; };
		3043AA762B0CE0C50085477F /* Assets.xcassets in Resources */ = {isa = PBXBuildFile; fileRef = 3043AA752B0CE0C50085477F /* Assets.xcassets */; };
		3043AA7A2B0CE0C50085477F /* Preview Assets.xcassets in Resources */ = {isa = PBXBuildFile; fileRef = 3043AA792B0CE0C50085477F /* Preview Assets.xcassets */; };
		3043AA822B0CE0DC0085477F /* NeoNotesModel.xcdatamodeld in Sources */ = {isa = PBXBuildFile; fileRef = 3043AA802B0CE0DC0085477F /* NeoNotesModel.xcdatamodeld */; };
		3043AA842B0CE2390085477F /* FlashCardEngine.swift in Sources */ = {isa = PBXBuildFile; fileRef = 3043AA832B0CE2390085477F /* FlashCardEngine.swift */; };
		3043AA8A2B0D06BF0085477F /* DecksView.swift in Sources */ = {isa = PBXBuildFile; fileRef = 3043AA892B0D06BF0085477F /* DecksView.swift */; };
		3080A3272B0EA73D00FDE7FA /* CategoriesView.swift in Sources */ = {isa = PBXBuildFile; fileRef = 3080A3262B0EA73D00FDE7FA /* CategoriesView.swift */; };
		3080A32A2B0EB25700FDE7FA /* FlashcardsStudyView.swift in Sources */ = {isa = PBXBuildFile; fileRef = 3080A3292B0EB25700FDE7FA /* FlashcardsStudyView.swift */; };
		3080A3552B10E47B00FDE7FA /* DocumentPicker.swift in Sources */ = {isa = PBXBuildFile; fileRef = 3080A3542B10E47B00FDE7FA /* DocumentPicker.swift */; };
		3080A3572B1107C600FDE7FA /* AddFlashcardView.swift in Sources */ = {isa = PBXBuildFile; fileRef = 3080A3562B1107C500FDE7FA /* AddFlashcardView.swift */; };
		30CE97A62B12504E00CADCCD /* EditFlashcardView.swift in Sources */ = {isa = PBXBuildFile; fileRef = 30CE97A52B12504E00CADCCD /* EditFlashcardView.swift */; };
		30CE97A82B126B1000CADCCD /* DeletableFileView.swift in Sources */ = {isa = PBXBuildFile; fileRef = 30CE97A72B126B1000CADCCD /* DeletableFileView.swift */; };
		30EEF5332B1513820025DB3E /* StatisticsView.swift in Sources */ = {isa = PBXBuildFile; fileRef = 30EEF5322B1513820025DB3E /* StatisticsView.swift */; };
		30EEF5372B1788BC0025DB3E /* FlashcardsListView.swift in Sources */ = {isa = PBXBuildFile; fileRef = 30EEF5362B1788BC0025DB3E /* FlashcardsListView.swift */; };
		30EEF5392B1A10870025DB3E /* FlashcardViewModel.swift in Sources */ = {isa = PBXBuildFile; fileRef = 30EEF5382B1A10870025DB3E /* FlashcardViewModel.swift */; };
/* End PBXBuildFile section */

/* Begin PBXFileReference section */
		3043AA6E2B0CE0C40085477F /* NeoNotes.app */ = {isa = PBXFileReference; explicitFileType = wrapper.application; includeInIndex = 0; path = NeoNotes.app; sourceTree = BUILT_PRODUCTS_DIR; };
		3043AA712B0CE0C40085477F /* NeoNotesApp.swift */ = {isa = PBXFileReference; lastKnownFileType = sourcecode.swift; path = NeoNotesApp.swift; sourceTree = "<group>"; };
		3043AA732B0CE0C40085477F /* ContentView.swift */ = {isa = PBXFileReference; lastKnownFileType = sourcecode.swift; path = ContentView.swift; sourceTree = "<group>"; };
		3043AA752B0CE0C50085477F /* Assets.xcassets */ = {isa = PBXFileReference; lastKnownFileType = folder.assetcatalog; path = Assets.xcassets; sourceTree = "<group>"; };
		3043AA772B0CE0C50085477F /* NeoNotes.entitlements */ = {isa = PBXFileReference; lastKnownFileType = text.plist.entitlements; path = NeoNotes.entitlements; sourceTree = "<group>"; };
		3043AA792B0CE0C50085477F /* Preview Assets.xcassets */ = {isa = PBXFileReference; lastKnownFileType = folder.assetcatalog; path = "Preview Assets.xcassets"; sourceTree = "<group>"; };
		3043AA812B0CE0DC0085477F /* NeoNotesModel.xcdatamodel */ = {isa = PBXFileReference; lastKnownFileType = wrapper.xcdatamodel; path = NeoNotesModel.xcdatamodel; sourceTree = "<group>"; };
		3043AA832B0CE2390085477F /* FlashCardEngine.swift */ = {isa = PBXFileReference; lastKnownFileType = sourcecode.swift; path = FlashCardEngine.swift; sourceTree = "<group>"; };
		3043AA892B0D06BF0085477F /* DecksView.swift */ = {isa = PBXFileReference; lastKnownFileType = sourcecode.swift; path = DecksView.swift; sourceTree = "<group>"; };
		3080A3262B0EA73D00FDE7FA /* CategoriesView.swift */ = {isa = PBXFileReference; lastKnownFileType = sourcecode.swift; path = CategoriesView.swift; sourceTree = "<group>"; };
		3080A3292B0EB25700FDE7FA /* FlashcardsStudyView.swift */ = {isa = PBXFileReference; lastKnownFileType = sourcecode.swift; path = FlashcardsStudyView.swift; sourceTree = "<group>"; };
		3080A3542B10E47B00FDE7FA /* DocumentPicker.swift */ = {isa = PBXFileReference; lastKnownFileType = sourcecode.swift; path = DocumentPicker.swift; sourceTree = "<group>"; };
		3080A3562B1107C500FDE7FA /* AddFlashcardView.swift */ = {isa = PBXFileReference; lastKnownFileType = sourcecode.swift; path = AddFlashcardView.swift; sourceTree = "<group>"; };
		30CE97A52B12504E00CADCCD /* EditFlashcardView.swift */ = {isa = PBXFileReference; lastKnownFileType = sourcecode.swift; path = EditFlashcardView.swift; sourceTree = "<group>"; };
		30CE97A72B126B1000CADCCD /* DeletableFileView.swift */ = {isa = PBXFileReference; lastKnownFileType = sourcecode.swift; path = DeletableFileView.swift; sourceTree = "<group>"; };
		30EEF5322B1513820025DB3E /* StatisticsView.swift */ = {isa = PBXFileReference; lastKnownFileType = sourcecode.swift; path = StatisticsView.swift; sourceTree = "<group>"; };
		30EEF5362B1788BC0025DB3E /* FlashcardsListView.swift */ = {isa = PBXFileReference; lastKnownFileType = sourcecode.swift; path = FlashcardsListView.swift; sourceTree = "<group>"; };
		30EEF5382B1A10870025DB3E /* FlashcardViewModel.swift */ = {isa = PBXFileReference; lastKnownFileType = sourcecode.swift; path = FlashcardViewModel.swift; sourceTree = "<group>"; };
/* End PBXFileReference section */

/* Begin PBXFrameworksBuildPhase section */
		3043AA6B2B0CE0C40085477F /* Frameworks */ = {
			isa = PBXFrameworksBuildPhase;
			buildActionMask = 2147483647;
			files = (
			);
			runOnlyForDeploymentPostprocessing = 0;
		};
/* End PBXFrameworksBuildPhase section */

/* Begin PBXGroup section */
		3023C67C2B113E8D00625EA9 /* Flashcards */ = {
			isa = PBXGroup;
			children = (
				3043AA832B0CE2390085477F /* FlashCardEngine.swift */,
				3080A3292B0EB25700FDE7FA /* FlashcardsStudyView.swift */,
				30EEF5382B1A10870025DB3E /* FlashcardViewModel.swift */,
				30CE97A52B12504E00CADCCD /* EditFlashcardView.swift */,
			);
			path = Flashcards;
			sourceTree = "<group>";
		};
		3043AA652B0CE0C40085477F = {
			isa = PBXGroup;
			children = (
				3043AA702B0CE0C40085477F /* NeoNotes */,
				3043AA6F2B0CE0C40085477F /* Products */,
			);
			sourceTree = "<group>";
		};
		3043AA6F2B0CE0C40085477F /* Products */ = {
			isa = PBXGroup;
			children = (
				3043AA6E2B0CE0C40085477F /* NeoNotes.app */,
			);
			name = Products;
			sourceTree = "<group>";
		};
		3043AA702B0CE0C40085477F /* NeoNotes */ = {
			isa = PBXGroup;
			children = (
				3043AA712B0CE0C40085477F /* NeoNotesApp.swift */,
				3043AA732B0CE0C40085477F /* ContentView.swift */,
				30EEF5322B1513820025DB3E /* StatisticsView.swift */,
				3043AA892B0D06BF0085477F /* DecksView.swift */,
				3080A3282B0EB21600FDE7FA /* Categories */,
				3023C67C2B113E8D00625EA9 /* Flashcards */,
				3043AA802B0CE0DC0085477F /* NeoNotesModel.xcdatamodeld */,
				3043AA752B0CE0C50085477F /* Assets.xcassets */,
				3043AA772B0CE0C50085477F /* NeoNotes.entitlements */,
				3043AA782B0CE0C50085477F /* Preview Content */,
			);
			path = NeoNotes;
			sourceTree = "<group>";
		};
		3043AA782B0CE0C50085477F /* Preview Content */ = {
			isa = PBXGroup;
			children = (
				3043AA792B0CE0C50085477F /* Preview Assets.xcassets */,
			);
			path = "Preview Content";
			sourceTree = "<group>";
		};
		3080A3282B0EB21600FDE7FA /* Categories */ = {
			isa = PBXGroup;
			children = (
				3080A3262B0EA73D00FDE7FA /* CategoriesView.swift */,
				30EEF5362B1788BC0025DB3E /* FlashcardsListView.swift */,
				3080A3562B1107C500FDE7FA /* AddFlashcardView.swift */,
				30CE97A72B126B1000CADCCD /* DeletableFileView.swift */,
				3080A3542B10E47B00FDE7FA /* DocumentPicker.swift */,
			);
			path = Categories;
			sourceTree = "<group>";
		};
/* End PBXGroup section */

/* Begin PBXNativeTarget section */
		3043AA6D2B0CE0C40085477F /* NeoNotes */ = {
			isa = PBXNativeTarget;
			buildConfigurationList = 3043AA7D2B0CE0C50085477F /* Build configuration list for PBXNativeTarget "NeoNotes" */;
			buildPhases = (
				3043AA6A2B0CE0C40085477F /* Sources */,
				3043AA6B2B0CE0C40085477F /* Frameworks */,
				3043AA6C2B0CE0C40085477F /* Resources */,
			);
			buildRules = (
			);
			dependencies = (
			);
			name = NeoNotes;
			productName = NeoNotes;
			productReference = 3043AA6E2B0CE0C40085477F /* NeoNotes.app */;
			productType = "com.apple.product-type.application";
		};
/* End PBXNativeTarget section */

/* Begin PBXProject section */
		3043AA662B0CE0C40085477F /* Project object */ = {
			isa = PBXProject;
			attributes = {
				BuildIndependentTargetsInParallel = 1;
				LastSwiftUpdateCheck = 1500;
				LastUpgradeCheck = 1500;
				TargetAttributes = {
					3043AA6D2B0CE0C40085477F = {
						CreatedOnToolsVersion = 15.0.1;
					};
				};
			};
			buildConfigurationList = 3043AA692B0CE0C40085477F /* Build configuration list for PBXProject "NeoNotes" */;
			compatibilityVersion = "Xcode 14.0";
			developmentRegion = en;
			hasScannedForEncodings = 0;
			knownRegions = (
				en,
				Base,
			);
			mainGroup = 3043AA652B0CE0C40085477F;
			productRefGroup = 3043AA6F2B0CE0C40085477F /* Products */;
			projectDirPath = "";
			projectRoot = "";
			targets = (
				3043AA6D2B0CE0C40085477F /* NeoNotes */,
			);
		};
/* End PBXProject section */

/* Begin PBXResourcesBuildPhase section */
		3043AA6C2B0CE0C40085477F /* Resources */ = {
			isa = PBXResourcesBuildPhase;
			buildActionMask = 2147483647;
			files = (
				3043AA7A2B0CE0C50085477F /* Preview Assets.xcassets in Resources */,
				3043AA762B0CE0C50085477F /* Assets.xcassets in Resources */,
			);
			runOnlyForDeploymentPostprocessing = 0;
		};
/* End PBXResourcesBuildPhase section */

/* Begin PBXSourcesBuildPhase section */
		3043AA6A2B0CE0C40085477F /* Sources */ = {
			isa = PBXSourcesBuildPhase;
			buildActionMask = 2147483647;
			files = (
				3043AA742B0CE0C40085477F /* ContentView.swift in Sources */,
				3080A3272B0EA73D00FDE7FA /* CategoriesView.swift in Sources */,
				30EEF5372B1788BC0025DB3E /* FlashcardsListView.swift in Sources */,
				30EEF5332B1513820025DB3E /* StatisticsView.swift in Sources */,
				3043AA722B0CE0C40085477F /* NeoNotesApp.swift in Sources */,
				3043AA842B0CE2390085477F /* FlashCardEngine.swift in Sources */,
				3080A3572B1107C600FDE7FA /* AddFlashcardView.swift in Sources */,
				30CE97A62B12504E00CADCCD /* EditFlashcardView.swift in Sources */,
				30CE97A82B126B1000CADCCD /* DeletableFileView.swift in Sources */,
				3080A3552B10E47B00FDE7FA /* DocumentPicker.swift in Sources */,
				3043AA822B0CE0DC0085477F /* NeoNotesModel.xcdatamodeld in Sources */,
				3080A32A2B0EB25700FDE7FA /* FlashcardsStudyView.swift in Sources */,
				3043AA8A2B0D06BF0085477F /* DecksView.swift in Sources */,
				30EEF5392B1A10870025DB3E /* FlashcardViewModel.swift in Sources */,
			);
			runOnlyForDeploymentPostprocessing = 0;
		};
/* End PBXSourcesBuildPhase section */

/* Begin XCBuildConfiguration section */
		3043AA7B2B0CE0C50085477F /* Debug */ = {
			isa = XCBuildConfiguration;
			buildSettings = {
				ALWAYS_SEARCH_USER_PATHS = NO;
				ASSETCATALOG_COMPILER_GENERATE_SWIFT_ASSET_SYMBOL_EXTENSIONS = YES;
				CLANG_ANALYZER_NONNULL = YES;
				CLANG_ANALYZER_NUMBER_OBJECT_CONVERSION = YES_AGGRESSIVE;
				CLANG_CXX_LANGUAGE_STANDARD = "gnu++20";
				CLANG_ENABLE_MODULES = YES;
				CLANG_ENABLE_OBJC_ARC = YES;
				CLANG_ENABLE_OBJC_WEAK = YES;
				CLANG_WARN_BLOCK_CAPTURE_AUTORELEASING = YES;
				CLANG_WARN_BOOL_CONVERSION = YES;
				CLANG_WARN_COMMA = YES;
				CLANG_WARN_CONSTANT_CONVERSION = YES;
				CLANG_WARN_DEPRECATED_OBJC_IMPLEMENTATIONS = YES;
				CLANG_WARN_DIRECT_OBJC_ISA_USAGE = YES_ERROR;
				CLANG_WARN_DOCUMENTATION_COMMENTS = YES;
				CLANG_WARN_EMPTY_BODY = YES;
				CLANG_WARN_ENUM_CONVERSION = YES;
				CLANG_WARN_INFINITE_RECURSION = YES;
				CLANG_WARN_INT_CONVERSION = YES;
				CLANG_WARN_NON_LITERAL_NULL_CONVERSION = YES;
				CLANG_WARN_OBJC_IMPLICIT_RETAIN_SELF = YES;
				CLANG_WARN_OBJC_LITERAL_CONVERSION = YES;
				CLANG_WARN_OBJC_ROOT_CLASS = YES_ERROR;
				CLANG_WARN_QUOTED_INCLUDE_IN_FRAMEWORK_HEADER = YES;
				CLANG_WARN_RANGE_LOOP_ANALYSIS = YES;
				CLANG_WARN_STRICT_PROTOTYPES = YES;
				CLANG_WARN_SUSPICIOUS_MOVE = YES;
				CLANG_WARN_UNGUARDED_AVAILABILITY = YES_AGGRESSIVE;
				CLANG_WARN_UNREACHABLE_CODE = YES;
				CLANG_WARN__DUPLICATE_METHOD_MATCH = YES;
				COPY_PHASE_STRIP = NO;
				DEBUG_INFORMATION_FORMAT = dwarf;
				ENABLE_STRICT_OBJC_MSGSEND = YES;
				ENABLE_TESTABILITY = YES;
				ENABLE_USER_SCRIPT_SANDBOXING = YES;
				GCC_C_LANGUAGE_STANDARD = gnu17;
				GCC_DYNAMIC_NO_PIC = NO;
				GCC_NO_COMMON_BLOCKS = YES;
				GCC_OPTIMIZATION_LEVEL = 0;
				GCC_PREPROCESSOR_DEFINITIONS = (
					"DEBUG=1",
					"$(inherited)",
				);
				GCC_WARN_64_TO_32_BIT_CONVERSION = YES;
				GCC_WARN_ABOUT_RETURN_TYPE = YES_ERROR;
				GCC_WARN_UNDECLARED_SELECTOR = YES;
				GCC_WARN_UNINITIALIZED_AUTOS = YES_AGGRESSIVE;
				GCC_WARN_UNUSED_FUNCTION = YES;
				GCC_WARN_UNUSED_VARIABLE = YES;
				LOCALIZATION_PREFERS_STRING_CATALOGS = YES;
				MTL_ENABLE_DEBUG_INFO = INCLUDE_SOURCE;
				MTL_FAST_MATH = YES;
				ONLY_ACTIVE_ARCH = YES;
				SWIFT_ACTIVE_COMPILATION_CONDITIONS = "DEBUG $(inherited)";
				SWIFT_OPTIMIZATION_LEVEL = "-Onone";
			};
			name = Debug;
		};
		3043AA7C2B0CE0C50085477F /* Release */ = {
			isa = XCBuildConfiguration;
			buildSettings = {
				ALWAYS_SEARCH_USER_PATHS = NO;
				ASSETCATALOG_COMPILER_GENERATE_SWIFT_ASSET_SYMBOL_EXTENSIONS = YES;
				CLANG_ANALYZER_NONNULL = YES;
				CLANG_ANALYZER_NUMBER_OBJECT_CONVERSION = YES_AGGRESSIVE;
				CLANG_CXX_LANGUAGE_STANDARD = "gnu++20";
				CLANG_ENABLE_MODULES = YES;
				CLANG_ENABLE_OBJC_ARC = YES;
				CLANG_ENABLE_OBJC_WEAK = YES;
				CLANG_WARN_BLOCK_CAPTURE_AUTORELEASING = YES;
				CLANG_WARN_BOOL_CONVERSION = YES;
				CLANG_WARN_COMMA = YES;
				CLANG_WARN_CONSTANT_CONVERSION = YES;
				CLANG_WARN_DEPRECATED_OBJC_IMPLEMENTATIONS = YES;
				CLANG_WARN_DIRECT_OBJC_ISA_USAGE = YES_ERROR;
				CLANG_WARN_DOCUMENTATION_COMMENTS = YES;
				CLANG_WARN_EMPTY_BODY = YES;
				CLANG_WARN_ENUM_CONVERSION = YES;
				CLANG_WARN_INFINITE_RECURSION = YES;
				CLANG_WARN_INT_CONVERSION = YES;
				CLANG_WARN_NON_LITERAL_NULL_CONVERSION = YES;
				CLANG_WARN_OBJC_IMPLICIT_RETAIN_SELF = YES;
				CLANG_WARN_OBJC_LITERAL_CONVERSION = YES;
				CLANG_WARN_OBJC_ROOT_CLASS = YES_ERROR;
				CLANG_WARN_QUOTED_INCLUDE_IN_FRAMEWORK_HEADER = YES;
				CLANG_WARN_RANGE_LOOP_ANALYSIS = YES;
				CLANG_WARN_STRICT_PROTOTYPES = YES;
				CLANG_WARN_SUSPICIOUS_MOVE = YES;
				CLANG_WARN_UNGUARDED_AVAILABILITY = YES_AGGRESSIVE;
				CLANG_WARN_UNREACHABLE_CODE = YES;
				CLANG_WARN__DUPLICATE_METHOD_MATCH = YES;
				COPY_PHASE_STRIP = NO;
				DEBUG_INFORMATION_FORMAT = "dwarf-with-dsym";
				ENABLE_NS_ASSERTIONS = NO;
				ENABLE_STRICT_OBJC_MSGSEND = YES;
				ENABLE_USER_SCRIPT_SANDBOXING = YES;
				GCC_C_LANGUAGE_STANDARD = gnu17;
				GCC_NO_COMMON_BLOCKS = YES;
				GCC_WARN_64_TO_32_BIT_CONVERSION = YES;
				GCC_WARN_ABOUT_RETURN_TYPE = YES_ERROR;
				GCC_WARN_UNDECLARED_SELECTOR = YES;
				GCC_WARN_UNINITIALIZED_AUTOS = YES_AGGRESSIVE;
				GCC_WARN_UNUSED_FUNCTION = YES;
				GCC_WARN_UNUSED_VARIABLE = YES;
				LOCALIZATION_PREFERS_STRING_CATALOGS = YES;
				MTL_ENABLE_DEBUG_INFO = NO;
				MTL_FAST_MATH = YES;
				SWIFT_COMPILATION_MODE = wholemodule;
			};
			name = Release;
		};
		3043AA7E2B0CE0C50085477F /* Debug */ = {
			isa = XCBuildConfiguration;
			buildSettings = {
				ASSETCATALOG_COMPILER_APPICON_NAME = AppIcon;
				ASSETCATALOG_COMPILER_GLOBAL_ACCENT_COLOR_NAME = AccentColor;
				CODE_SIGN_ENTITLEMENTS = NeoNotes/NeoNotes.entitlements;
				CODE_SIGN_STYLE = Automatic;
				CURRENT_PROJECT_VERSION = 1;
				DEVELOPMENT_ASSET_PATHS = "\"NeoNotes/Preview Content\"";
				DEVELOPMENT_TEAM = 87U3AYNFK9;
				ENABLE_HARDENED_RUNTIME = YES;
				ENABLE_PREVIEWS = YES;
				GENERATE_INFOPLIST_FILE = YES;
				"INFOPLIST_KEY_UIApplicationSceneManifest_Generation[sdk=iphoneos*]" = YES;
				"INFOPLIST_KEY_UIApplicationSceneManifest_Generation[sdk=iphonesimulator*]" = YES;
				"INFOPLIST_KEY_UIApplicationSupportsIndirectInputEvents[sdk=iphoneos*]" = YES;
				"INFOPLIST_KEY_UIApplicationSupportsIndirectInputEvents[sdk=iphonesimulator*]" = YES;
				"INFOPLIST_KEY_UILaunchScreen_Generation[sdk=iphoneos*]" = YES;
				"INFOPLIST_KEY_UILaunchScreen_Generation[sdk=iphonesimulator*]" = YES;
				"INFOPLIST_KEY_UIStatusBarStyle[sdk=iphoneos*]" = UIStatusBarStyleDefault;
				"INFOPLIST_KEY_UIStatusBarStyle[sdk=iphonesimulator*]" = UIStatusBarStyleDefault;
				INFOPLIST_KEY_UISupportedInterfaceOrientations_iPad = "UIInterfaceOrientationPortrait UIInterfaceOrientationPortraitUpsideDown UIInterfaceOrientationLandscapeLeft UIInterfaceOrientationLandscapeRight";
				INFOPLIST_KEY_UISupportedInterfaceOrientations_iPhone = "UIInterfaceOrientationPortrait UIInterfaceOrientationLandscapeLeft UIInterfaceOrientationLandscapeRight";
				IPHONEOS_DEPLOYMENT_TARGET = 17.0;
				LD_RUNPATH_SEARCH_PATHS = "@executable_path/Frameworks";
				"LD_RUNPATH_SEARCH_PATHS[sdk=macosx*]" = "@executable_path/../Frameworks";
				MACOSX_DEPLOYMENT_TARGET = 14.0;
				MARKETING_VERSION = 1.0;
				PRODUCT_BUNDLE_IDENTIFIER = com.danisramirez.NeoNotes;
				PRODUCT_NAME = "$(TARGET_NAME)";
				SDKROOT = auto;
				SUPPORTED_PLATFORMS = "iphoneos iphonesimulator macosx";
				SWIFT_EMIT_LOC_STRINGS = YES;
				SWIFT_VERSION = 5.0;
				TARGETED_DEVICE_FAMILY = "1,2";
			};
			name = Debug;
		};
		3043AA7F2B0CE0C50085477F /* Release */ = {
			isa = XCBuildConfiguration;
			buildSettings = {
				ASSETCATALOG_COMPILER_APPICON_NAME = AppIcon;
				ASSETCATALOG_COMPILER_GLOBAL_ACCENT_COLOR_NAME = AccentColor;
				CODE_SIGN_ENTITLEMENTS = NeoNotes/NeoNotes.entitlements;
				CODE_SIGN_STYLE = Automatic;
				CURRENT_PROJECT_VERSION = 1;
				DEVELOPMENT_ASSET_PATHS = "\"NeoNotes/Preview Content\"";
				DEVELOPMENT_TEAM = 87U3AYNFK9;
				ENABLE_HARDENED_RUNTIME = YES;
				ENABLE_PREVIEWS = YES;
				GENERATE_INFOPLIST_FILE = YES;
				"INFOPLIST_KEY_UIApplicationSceneManifest_Generation[sdk=iphoneos*]" = YES;
				"INFOPLIST_KEY_UIApplicationSceneManifest_Generation[sdk=iphonesimulator*]" = YES;
				"INFOPLIST_KEY_UIApplicationSupportsIndirectInputEvents[sdk=iphoneos*]" = YES;
				"INFOPLIST_KEY_UIApplicationSupportsIndirectInputEvents[sdk=iphonesimulator*]" = YES;
				"INFOPLIST_KEY_UILaunchScreen_Generation[sdk=iphoneos*]" = YES;
				"INFOPLIST_KEY_UILaunchScreen_Generation[sdk=iphonesimulator*]" = YES;
				"INFOPLIST_KEY_UIStatusBarStyle[sdk=iphoneos*]" = UIStatusBarStyleDefault;
				"INFOPLIST_KEY_UIStatusBarStyle[sdk=iphonesimulator*]" = UIStatusBarStyleDefault;
				INFOPLIST_KEY_UISupportedInterfaceOrientations_iPad = "UIInterfaceOrientationPortrait UIInterfaceOrientationPortraitUpsideDown UIInterfaceOrientationLandscapeLeft UIInterfaceOrientationLandscapeRight";
				INFOPLIST_KEY_UISupportedInterfaceOrientations_iPhone = "UIInterfaceOrientationPortrait UIInterfaceOrientationLandscapeLeft UIInterfaceOrientationLandscapeRight";
				IPHONEOS_DEPLOYMENT_TARGET = 17.0;
				LD_RUNPATH_SEARCH_PATHS = "@executable_path/Frameworks";
				"LD_RUNPATH_SEARCH_PATHS[sdk=macosx*]" = "@executable_path/../Frameworks";
				MACOSX_DEPLOYMENT_TARGET = 14.0;
				MARKETING_VERSION = 1.0;
				PRODUCT_BUNDLE_IDENTIFIER = com.danisramirez.NeoNotes;
				PRODUCT_NAME = "$(TARGET_NAME)";
				SDKROOT = auto;
				SUPPORTED_PLATFORMS = "iphoneos iphonesimulator macosx";
				SWIFT_EMIT_LOC_STRINGS = YES;
				SWIFT_VERSION = 5.0;
				TARGETED_DEVICE_FAMILY = "1,2";
			};
			name = Release;
		};
/* End XCBuildConfiguration section */

/* Begin XCConfigurationList section */
		3043AA692B0CE0C40085477F /* Build configuration list for PBXProject "NeoNotes" */ = {
			isa = XCConfigurationList;
			buildConfigurations = (
				3043AA7B2B0CE0C50085477F /* Debug */,
				3043AA7C2B0CE0C50085477F /* Release */,
			);
			defaultConfigurationIsVisible = 0;
			defaultConfigurationName = Release;
		};
		3043AA7D2B0CE0C50085477F /* Build configuration list for PBXNativeTarget "NeoNotes" */ = {
			isa = XCConfigurationList;
			buildConfigurations = (
				3043AA7E2B0CE0C50085477F /* Debug */,
				3043AA7F2B0CE0C50085477F /* Release */,
			);
			defaultConfigurationIsVisible = 0;
			defaultConfigurationName = Release;
		};
/* End XCConfigurationList section */

/* Begin XCVersionGroup section */
		3043AA802B0CE0DC0085477F /* NeoNotesModel.xcdatamodeld */ = {
			isa = XCVersionGroup;
			children = (
				3043AA812B0CE0DC0085477F /* NeoNotesModel.xcdatamodel */,
			);
			currentVersion = 3043AA812B0CE0DC0085477F /* NeoNotesModel.xcdatamodel */;
			path = NeoNotesModel.xcdatamodeld;
			sourceTree = "<group>";
			versionGroupType = wrapper.xcdatamodel;
		};
/* End XCVersionGroup section */
	};
	rootObject = 3043AA662B0CE0C40085477F /* Project object */;
}
